{
  "name": "fastify-medium",
  "version": "1.0.0",
  "lockfileVersion": 1,
  "requires": true,
  "dependencies": {
    "@apollo/protobufjs": {
      "version": "1.2.7",
      "resolved": "https://registry.npmjs.org/@apollo/protobufjs/-/protobufjs-1.2.7.tgz",
      "integrity": "sha512-Lahx5zntHPZia35myYDBRuF58tlwPskwHc5CWBZC/4bMKB6siTBWwtMrkqXcsNwQiFSzSx5hKdRPUmemrEp3Gg==",
      "requires": {
        "@protobufjs/aspromise": "^1.1.2",
        "@protobufjs/base64": "^1.1.2",
        "@protobufjs/codegen": "^2.0.4",
        "@protobufjs/eventemitter": "^1.1.0",
        "@protobufjs/fetch": "^1.1.0",
        "@protobufjs/float": "^1.0.2",
        "@protobufjs/inquire": "^1.1.0",
        "@protobufjs/path": "^1.1.2",
        "@protobufjs/pool": "^1.1.0",
        "@protobufjs/utf8": "^1.1.0",
        "@types/long": "^4.0.0",
        "long": "^4.0.0"
      }
    },
    "@apollo/usage-reporting-protobuf": {
      "version": "4.1.0",
      "resolved": "https://registry.npmjs.org/@apollo/usage-reporting-protobuf/-/usage-reporting-protobuf-4.1.0.tgz",
      "integrity": "sha512-hXouMuw5pQVkzi8dgMybmr6Y11+eRmMQVoB5TF0HyTwAg9SOq/v3OCuiYqcVUKdBcskU9Msp+XvjAk0GKpWCwQ==",
      "requires": {
        "@apollo/protobufjs": "1.2.7"
      }
    },
    "@apollo/utils.dropunuseddefinitions": {
      "version": "1.1.0",
      "resolved": "https://registry.npmjs.org/@apollo/utils.dropunuseddefinitions/-/utils.dropunuseddefinitions-1.1.0.tgz",
      "integrity": "sha512-jU1XjMr6ec9pPoL+BFWzEPW7VHHulVdGKMkPAMiCigpVIT11VmCbnij0bWob8uS3ODJ65tZLYKAh/55vLw2rbg=="
    },
    "@apollo/utils.keyvaluecache": {
      "version": "1.0.2",
      "resolved": "https://registry.npmjs.org/@apollo/utils.keyvaluecache/-/utils.keyvaluecache-1.0.2.tgz",
      "integrity": "sha512-p7PVdLPMnPzmXSQVEsy27cYEjVON+SH/Wb7COyW3rQN8+wJgT1nv9jZouYtztWW8ZgTkii5T6tC9qfoDREd4mg==",
      "requires": {
        "@apollo/utils.logger": "^1.0.0",
        "lru-cache": "7.10.1 - 7.13.1"
      },
      "dependencies": {
        "lru-cache": {
          "version": "7.13.1",
          "resolved": "https://registry.npmjs.org/lru-cache/-/lru-cache-7.13.1.tgz",
          "integrity": "sha512-CHqbAq7NFlW3RSnoWXLJBxCWaZVBrfa9UEHId2M3AW8iEBurbqduNexEUCGc3SHc6iCYXNJCDi903LajSVAEPQ=="
        }
      }
    },
    "@apollo/utils.logger": {
      "version": "1.0.1",
      "resolved": "https://registry.npmjs.org/@apollo/utils.logger/-/utils.logger-1.0.1.tgz",
      "integrity": "sha512-XdlzoY7fYNK4OIcvMD2G94RoFZbzTQaNP0jozmqqMudmaGo2I/2Jx71xlDJ801mWA/mbYRihyaw6KJii7k5RVA=="
    },
    "@apollo/utils.printwithreducedwhitespace": {
      "version": "1.1.0",
      "resolved": "https://registry.npmjs.org/@apollo/utils.printwithreducedwhitespace/-/utils.printwithreducedwhitespace-1.1.0.tgz",
      "integrity": "sha512-GfFSkAv3n1toDZ4V6u2d7L4xMwLA+lv+6hqXicMN9KELSJ9yy9RzuEXaX73c/Ry+GzRsBy/fdSUGayGqdHfT2Q=="
    },
    "@apollo/utils.removealiases": {
      "version": "1.0.0",
      "resolved": "https://registry.npmjs.org/@apollo/utils.removealiases/-/utils.removealiases-1.0.0.tgz",
      "integrity": "sha512-6cM8sEOJW2LaGjL/0vHV0GtRaSekrPQR4DiywaApQlL9EdROASZU5PsQibe2MWeZCOhNrPRuHh4wDMwPsWTn8A=="
    },
    "@apollo/utils.sortast": {
      "version": "1.1.0",
      "resolved": "https://registry.npmjs.org/@apollo/utils.sortast/-/utils.sortast-1.1.0.tgz",
      "integrity": "sha512-VPlTsmUnOwzPK5yGZENN069y6uUHgeiSlpEhRnLFYwYNoJHsuJq2vXVwIaSmts015WTPa2fpz1inkLYByeuRQA==",
      "requires": {
        "lodash.sortby": "^4.7.0"
      }
    },
    "@apollo/utils.stripsensitiveliterals": {
      "version": "1.2.0",
      "resolved": "https://registry.npmjs.org/@apollo/utils.stripsensitiveliterals/-/utils.stripsensitiveliterals-1.2.0.tgz",
      "integrity": "sha512-E41rDUzkz/cdikM5147d8nfCFVKovXxKBcjvLEQ7bjZm/cg9zEcXvS6vFY8ugTubI3fn6zoqo0CyU8zT+BGP9w=="
    },
    "@apollo/utils.usagereporting": {
      "version": "1.0.1",
      "resolved": "https://registry.npmjs.org/@apollo/utils.usagereporting/-/utils.usagereporting-1.0.1.tgz",
      "integrity": "sha512-6dk+0hZlnDbahDBB2mP/PZ5ybrtCJdLMbeNJD+TJpKyZmSY6bA3SjI8Cr2EM9QA+AdziywuWg+SgbWUF3/zQqQ==",
      "requires": {
        "@apollo/usage-reporting-protobuf": "^4.0.0",
        "@apollo/utils.dropunuseddefinitions": "^1.1.0",
        "@apollo/utils.printwithreducedwhitespace": "^1.1.0",
        "@apollo/utils.removealiases": "1.0.0",
        "@apollo/utils.sortast": "^1.1.0",
        "@apollo/utils.stripsensitiveliterals": "^1.2.0"
      }
    },
    "@apollographql/apollo-tools": {
      "version": "0.5.4",
      "resolved": "https://registry.npmjs.org/@apollographql/apollo-tools/-/apollo-tools-0.5.4.tgz",
      "integrity": "sha512-shM3q7rUbNyXVVRkQJQseXv6bnYM3BUma/eZhwXR4xsuM+bqWnJKvW7SAfRjP7LuSCocrexa5AXhjjawNHrIlw=="
    },
    "@apollographql/graphql-playground-html": {
      "version": "1.6.29",
      "resolved": "https://registry.npmjs.org/@apollographql/graphql-playground-html/-/graphql-playground-html-1.6.29.tgz",
      "integrity": "sha512-xCcXpoz52rI4ksJSdOCxeOCn2DLocxwHf9dVT/Q90Pte1LX+LY+91SFtJF3KXVHH8kEin+g1KKCQPKBjZJfWNA==",
      "requires": {
        "xss": "^1.0.8"
      }
    },
    "@fastify/accepts": {
      "version": "3.0.0",
      "resolved": "https://registry.npmjs.org/@fastify/accepts/-/accepts-3.0.0.tgz",
      "integrity": "sha512-+ldBB3O59p/z9Uc1LSZqAA4/oZaNbRtCVMwjgJOahl+PKmx4ciRRoWVht77kFOb36lRE5MPEba4Vt78H7PKfQw==",
      "requires": {
        "accepts": "^1.3.5",
        "fastify-plugin": "^3.0.0"
      }
    },
    "@fastify/cors": {
      "version": "7.0.0",
      "resolved": "https://registry.npmjs.org/@fastify/cors/-/cors-7.0.0.tgz",
      "integrity": "sha512-nlo6ScwagBNJacAZD3KX90xjWLIoV0vN9QqoX1wUE9ZeZMdvkVkMZCGlxEtr00NshV0X5wDge4w5rwox7rRzSg==",
      "requires": {
        "fastify-plugin": "^3.0.0",
        "vary": "^1.1.2"
      }
    },
    "@graphql-tools/merge": {
      "version": "8.4.2",
      "resolved": "https://registry.npmjs.org/@graphql-tools/merge/-/merge-8.4.2.tgz",
      "integrity": "sha512-XbrHAaj8yDuINph+sAfuq3QCZ/tKblrTLOpirK0+CAgNlZUCHs0Fa+xtMUURgwCVThLle1AF7svJCxFizygLsw==",
      "requires": {
        "@graphql-tools/utils": "^9.2.1",
        "tslib": "^2.4.0"
      }
    },
    "@graphql-tools/mock": {
      "version": "8.7.20",
      "resolved": "https://registry.npmjs.org/@graphql-tools/mock/-/mock-8.7.20.tgz",
      "integrity": "sha512-ljcHSJWjC/ZyzpXd5cfNhPI7YljRVvabKHPzKjEs5ElxWu2cdlLGvyNYepApXDsM/OJG/2xuhGM+9GWu5gEAPQ==",
      "requires": {
        "@graphql-tools/schema": "^9.0.18",
        "@graphql-tools/utils": "^9.2.1",
        "fast-json-stable-stringify": "^2.1.0",
        "tslib": "^2.4.0"
      },
      "dependencies": {
        "@graphql-tools/schema": {
          "version": "9.0.19",
          "resolved": "https://registry.npmjs.org/@graphql-tools/schema/-/schema-9.0.19.tgz",
          "integrity": "sha512-oBRPoNBtCkk0zbUsyP4GaIzCt8C0aCI4ycIRUL67KK5pOHljKLBBtGT+Jr6hkzA74C8Gco8bpZPe7aWFjiaK2w==",
          "requires": {
            "@graphql-tools/merge": "^8.4.1",
            "@graphql-tools/utils": "^9.2.1",
            "tslib": "^2.4.0",
            "value-or-promise": "^1.0.12"
          }
        },
        "fast-json-stable-stringify": {
          "version": "2.1.0",
          "resolved": "https://registry.npmjs.org/fast-json-stable-stringify/-/fast-json-stable-stringify-2.1.0.tgz",
          "integrity": "sha512-lhd/wF+Lk98HZoTCtlVraHtfh5XYijIjalXck7saUtuanSDyLMxnHhSXEDJqHxD7msR8D0uCmqlkwjCV8xvwHw=="
        }
      }
    },
    "@graphql-tools/schema": {
      "version": "8.5.1",
      "resolved": "https://registry.npmjs.org/@graphql-tools/schema/-/schema-8.5.1.tgz",
      "integrity": "sha512-0Esilsh0P/qYcB5DKQpiKeQs/jevzIadNTaT0jeWklPMwNbT7yMX4EqZany7mbeRRlSRwMzNzL5olyFdffHBZg==",
      "requires": {
        "@graphql-tools/merge": "8.3.1",
        "@graphql-tools/utils": "8.9.0",
        "tslib": "^2.4.0",
        "value-or-promise": "1.0.11"
      },
      "dependencies": {
        "@graphql-tools/merge": {
          "version": "8.3.1",
          "resolved": "https://registry.npmjs.org/@graphql-tools/merge/-/merge-8.3.1.tgz",
          "integrity": "sha512-BMm99mqdNZbEYeTPK3it9r9S6rsZsQKtlqJsSBknAclXq2pGEfOxjcIZi+kBSkHZKPKCRrYDd5vY0+rUmIHVLg==",
          "requires": {
            "@graphql-tools/utils": "8.9.0",
            "tslib": "^2.4.0"
          }
        },
        "@graphql-tools/utils": {
          "version": "8.9.0",
          "resolved": "https://registry.npmjs.org/@graphql-tools/utils/-/utils-8.9.0.tgz",
          "integrity": "sha512-pjJIWH0XOVnYGXCqej8g/u/tsfV4LvLlj0eATKQu5zwnxd/TiTHq7Cg313qUPTFFHZ3PP5wJ15chYVtLDwaymg==",
          "requires": {
            "tslib": "^2.4.0"
          }
        },
        "value-or-promise": {
          "version": "1.0.11",
          "resolved": "https://registry.npmjs.org/value-or-promise/-/value-or-promise-1.0.11.tgz",
          "integrity": "sha512-41BrgH+dIbCFXClcSapVs5M6GkENd3gQOJpEfPDNa71LsUGMXDL0jMWpI/Rh7WhX+Aalfz2TTS3Zt5pUsbnhLg=="
        }
      }
    },
    "@graphql-tools/utils": {
      "version": "9.2.1",
      "resolved": "https://registry.npmjs.org/@graphql-tools/utils/-/utils-9.2.1.tgz",
      "integrity": "sha512-WUw506Ql6xzmOORlriNrD6Ugx+HjVgYxt9KCXD9mHAak+eaXSwuGGPyE60hy9xaDEoXKBsG7SkG69ybitaVl6A==",
      "requires": {
        "@graphql-typed-document-node/core": "^3.1.1",
        "tslib": "^2.4.0"
      }
    },
    "@graphql-typed-document-node/core": {
      "version": "3.2.0",
      "resolved": "https://registry.npmjs.org/@graphql-typed-document-node/core/-/core-3.2.0.tgz",
      "integrity": "sha512-mB9oAsNCm9aM3/SOv4YtBMqZbYj10R7dkq8byBqxGY/ncFwhf2oQzMV+LCRlWoDSEBJ3COiR1yeDvMtsoOsuFQ=="
    },
    "@josephg/resolvable": {
      "version": "1.0.1",
      "resolved": "https://registry.npmjs.org/@josephg/resolvable/-/resolvable-1.0.1.tgz",
      "integrity": "sha512-CtzORUwWTTOTqfVtHaKRJ0I1kNQd1bpn3sUh8I3nJDVY+5/M/Oe1DnEWzPQvqq/xPIIkzzzIP7mfCoAjFRvDhg=="
    },
    "@protobufjs/aspromise": {
      "version": "1.1.2",
      "resolved": "https://registry.npmjs.org/@protobufjs/aspromise/-/aspromise-1.1.2.tgz",
      "integrity": "sha512-j+gKExEuLmKwvz3OgROXtrJ2UG2x8Ch2YZUxahh+s1F2HZ+wAceUNLkvy6zKCPVRkU++ZWQrdxsUeQXmcg4uoQ=="
    },
    "@protobufjs/base64": {
      "version": "1.1.2",
      "resolved": "https://registry.npmjs.org/@protobufjs/base64/-/base64-1.1.2.tgz",
      "integrity": "sha512-AZkcAA5vnN/v4PDqKyMR5lx7hZttPDgClv83E//FMNhR2TMcLUhfRUBHCmSl0oi9zMgDDqRUJkSxO3wm85+XLg=="
    },
    "@protobufjs/codegen": {
      "version": "2.0.4",
      "resolved": "https://registry.npmjs.org/@protobufjs/codegen/-/codegen-2.0.4.tgz",
      "integrity": "sha512-YyFaikqM5sH0ziFZCN3xDC7zeGaB/d0IUb9CATugHWbd1FRFwWwt4ld4OYMPWu5a3Xe01mGAULCdqhMlPl29Jg=="
    },
    "@protobufjs/eventemitter": {
      "version": "1.1.0",
      "resolved": "https://registry.npmjs.org/@protobufjs/eventemitter/-/eventemitter-1.1.0.tgz",
      "integrity": "sha512-j9ednRT81vYJ9OfVuXG6ERSTdEL1xVsNgqpkxMsbIabzSo3goCjDIveeGv5d03om39ML71RdmrGNjG5SReBP/Q=="
    },
    "@protobufjs/fetch": {
      "version": "1.1.0",
      "resolved": "https://registry.npmjs.org/@protobufjs/fetch/-/fetch-1.1.0.tgz",
      "integrity": "sha512-lljVXpqXebpsijW71PZaCYeIcE5on1w5DlQy5WH6GLbFryLUrBD4932W/E2BSpfRJWseIL4v/KPgBFxDOIdKpQ==",
      "requires": {
        "@protobufjs/aspromise": "^1.1.1",
        "@protobufjs/inquire": "^1.1.0"
      }
    },
    "@protobufjs/float": {
      "version": "1.0.2",
      "resolved": "https://registry.npmjs.org/@protobufjs/float/-/float-1.0.2.tgz",
      "integrity": "sha512-Ddb+kVXlXst9d+R9PfTIxh1EdNkgoRe5tOX6t01f1lYWOvJnSPDBlG241QLzcyPdoNTsblLUdujGSE4RzrTZGQ=="
    },
    "@protobufjs/inquire": {
      "version": "1.1.0",
      "resolved": "https://registry.npmjs.org/@protobufjs/inquire/-/inquire-1.1.0.tgz",
      "integrity": "sha512-kdSefcPdruJiFMVSbn801t4vFK7KB/5gd2fYvrxhuJYg8ILrmn9SKSX2tZdV6V+ksulWqS7aXjBcRXl3wHoD9Q=="
    },
    "@protobufjs/path": {
      "version": "1.1.2",
      "resolved": "https://registry.npmjs.org/@protobufjs/path/-/path-1.1.2.tgz",
      "integrity": "sha512-6JOcJ5Tm08dOHAbdR3GrvP+yUUfkjG5ePsHYczMFLq3ZmMkAD98cDgcT2iA1lJ9NVwFd4tH/iSSoe44YWkltEA=="
    },
    "@protobufjs/pool": {
      "version": "1.1.0",
      "resolved": "https://registry.npmjs.org/@protobufjs/pool/-/pool-1.1.0.tgz",
      "integrity": "sha512-0kELaGSIDBKvcgS4zkjz1PeddatrjYcmMWOlAuAPwAeccUrPHdUqo/J6LiymHHEiJT5NrF1UVwxY14f+fy4WQw=="
    },
    "@protobufjs/utf8": {
      "version": "1.1.0",
      "resolved": "https://registry.npmjs.org/@protobufjs/utf8/-/utf8-1.1.0.tgz",
      "integrity": "sha512-Vvn3zZrhQZkkBE8LSuW3em98c0FwgO4nxzv6OdSxPKJIEKY2bGbHn+mhGIPerzI4twdxaP8/0+06HBpwf345Lw=="
    },
    "@types/long": {
      "version": "4.0.2",
      "resolved": "https://registry.npmjs.org/@types/long/-/long-4.0.2.tgz",
      "integrity": "sha512-MqTGEo5bj5t157U6fA/BiDynNkn0YknVdh48CMPkTSpFTVmvao5UQmm7uEF6xBEo7qIMAlY/JSleYaE6VOdpaA=="
    },
    "@types/node": {
      "version": "10.17.60",
      "resolved": "https://registry.npmjs.org/@types/node/-/node-10.17.60.tgz",
      "integrity": "sha512-F0KIgDJfy2nA3zMLmWGKxcH2ZVEtCZXHHdOQs2gSaQ27+lNeEfGxzkIw90aXswATX7AZ33tahPbzy6KAfUreVw=="
    },
    "abstract-logging": {
      "version": "1.0.0",
      "resolved": "https://registry.npmjs.org/abstract-logging/-/abstract-logging-1.0.0.tgz",
      "integrity": "sha1-i33q/TEFWbwo93ck3RuzAXcnjBs="
    },
    "accepts": {
      "version": "1.3.8",
      "resolved": "https://registry.npmjs.org/accepts/-/accepts-1.3.8.tgz",
      "integrity": "sha512-PYAthTa2m2VKxuvSD3DPC/Gy+U+sOA1LAuT8mkmRuvw+NACSaeXEQ+NHcVF7rONl6qcaxV3Uuemwawk+7+SJLw==",
      "requires": {
        "mime-types": "~2.1.34",
        "negotiator": "0.6.3"
      }
    },
    "ajv": {
      "version": "6.12.6",
      "resolved": "https://registry.npmjs.org/ajv/-/ajv-6.12.6.tgz",
      "integrity": "sha512-j3fVLgvTo527anyYyJOGTYJbG+vnnQYvE0m5mmkc1TK+nxAppkCLMIL0aZ4dblVCNoGShhm+kzE4ZUykBoMg4g==",
      "requires": {
        "fast-deep-equal": "^3.1.1",
        "fast-json-stable-stringify": "^2.0.0",
        "json-schema-traverse": "^0.4.1",
        "uri-js": "^4.2.2"
      },
      "dependencies": {
        "fast-deep-equal": {
          "version": "3.1.3",
          "resolved": "https://registry.npmjs.org/fast-deep-equal/-/fast-deep-equal-3.1.3.tgz",
          "integrity": "sha512-f3qQ9oQy9j2AhBe/H9VC91wLmKBCCU/gDOnKNAYG5hswO7BLKj09Hc5HYNz9cGI++xlpDCIgDaitVs03ATR84Q=="
        }
      }
    },
    "apollo-datasource": {
      "version": "3.3.2",
      "resolved": "https://registry.npmjs.org/apollo-datasource/-/apollo-datasource-3.3.2.tgz",
      "integrity": "sha512-L5TiS8E2Hn/Yz7SSnWIVbZw0ZfEIXZCa5VUiVxD9P53JvSrf4aStvsFDlGWPvpIdCR+aly2CfoB79B9/JjKFqg==",
      "requires": {
        "@apollo/utils.keyvaluecache": "^1.0.1",
        "apollo-server-env": "^4.2.1"
      }
    },
    "apollo-reporting-protobuf": {
      "version": "3.4.0",
      "resolved": "https://registry.npmjs.org/apollo-reporting-protobuf/-/apollo-reporting-protobuf-3.4.0.tgz",
      "integrity": "sha512-h0u3EbC/9RpihWOmcSsvTW2O6RXVaD/mPEjfrPkxRPTEPWqncsgOoRJw+wih4OqfH3PvTJvoEIf4LwKrUaqWog==",
      "requires": {
        "@apollo/protobufjs": "1.2.6"
      },
      "dependencies": {
        "@apollo/protobufjs": {
          "version": "1.2.6",
          "resolved": "https://registry.npmjs.org/@apollo/protobufjs/-/protobufjs-1.2.6.tgz",
          "integrity": "sha512-Wqo1oSHNUj/jxmsVp4iR3I480p6qdqHikn38lKrFhfzcDJ7lwd7Ck7cHRl4JE81tWNArl77xhnG/OkZhxKBYOw==",
          "requires": {
            "@protobufjs/aspromise": "^1.1.2",
            "@protobufjs/base64": "^1.1.2",
            "@protobufjs/codegen": "^2.0.4",
            "@protobufjs/eventemitter": "^1.1.0",
            "@protobufjs/fetch": "^1.1.0",
            "@protobufjs/float": "^1.0.2",
            "@protobufjs/inquire": "^1.1.0",
            "@protobufjs/path": "^1.1.2",
            "@protobufjs/pool": "^1.1.0",
            "@protobufjs/utf8": "^1.1.0",
            "@types/long": "^4.0.0",
            "@types/node": "^10.1.0",
            "long": "^4.0.0"
          }
        }
      }
    },
    "apollo-server-core": {
      "version": "3.12.0",
      "resolved": "https://registry.npmjs.org/apollo-server-core/-/apollo-server-core-3.12.0.tgz",
      "integrity": "sha512-hq7iH6Cgldgmnjs9FVSZeKWRpi0/ZR+iJ1arzeD2VXGxxgk1mAm/cz1Tx0TYgegZI+FvvrRl0UhKEx7sLnIxIg==",
      "requires": {
        "@apollo/utils.keyvaluecache": "^1.0.1",
        "@apollo/utils.logger": "^1.0.0",
        "@apollo/utils.usagereporting": "^1.0.0",
        "@apollographql/apollo-tools": "^0.5.3",
        "@apollographql/graphql-playground-html": "1.6.29",
        "@graphql-tools/mock": "^8.1.2",
        "@graphql-tools/schema": "^8.0.0",
        "@josephg/resolvable": "^1.0.0",
        "apollo-datasource": "^3.3.2",
        "apollo-reporting-protobuf": "^3.4.0",
        "apollo-server-env": "^4.2.1",
        "apollo-server-errors": "^3.3.1",
        "apollo-server-plugin-base": "^3.7.2",
        "apollo-server-types": "^3.8.0",
        "async-retry": "^1.2.1",
        "fast-json-stable-stringify": "^2.1.0",
        "graphql-tag": "^2.11.0",
        "loglevel": "^1.6.8",
        "lru-cache": "^6.0.0",
        "node-abort-controller": "^3.0.1",
        "sha.js": "^2.4.11",
        "uuid": "^9.0.0",
        "whatwg-mimetype": "^3.0.0"
      },
      "dependencies": {
        "fast-json-stable-stringify": {
          "version": "2.1.0",
          "resolved": "https://registry.npmjs.org/fast-json-stable-stringify/-/fast-json-stable-stringify-2.1.0.tgz",
          "integrity": "sha512-lhd/wF+Lk98HZoTCtlVraHtfh5XYijIjalXck7saUtuanSDyLMxnHhSXEDJqHxD7msR8D0uCmqlkwjCV8xvwHw=="
        }
      }
    },
    "apollo-server-env": {
      "version": "4.2.1",
      "resolved": "https://registry.npmjs.org/apollo-server-env/-/apollo-server-env-4.2.1.tgz",
      "integrity": "sha512-vm/7c7ld+zFMxibzqZ7SSa5tBENc4B0uye9LTfjJwGoQFY5xsUPH5FpO5j0bMUDZ8YYNbrF9SNtzc5Cngcr90g==",
      "requires": {
        "node-fetch": "^2.6.7"
      }
    },
    "apollo-server-errors": {
      "version": "3.3.1",
      "resolved": "https://registry.npmjs.org/apollo-server-errors/-/apollo-server-errors-3.3.1.tgz",
      "integrity": "sha512-xnZJ5QWs6FixHICXHxUfm+ZWqqxrNuPlQ+kj5m6RtEgIpekOPssH/SD9gf2B4HuWV0QozorrygwZnux8POvyPA=="
    },
    "apollo-server-fastify": {
      "version": "3.12.0",
      "resolved": "https://registry.npmjs.org/apollo-server-fastify/-/apollo-server-fastify-3.12.0.tgz",
      "integrity": "sha512-+T/8V7ZaQ5Ej/wTlPj85/LrJ1jivnCKmHZgFrJnt1NYiR+wV/8JfT3s3Uzg22ppZKWWdeS1BQLZainEGLu3X0A==",
      "requires": {
        "@fastify/accepts": "^3.0.0",
        "@fastify/cors": "^7.0.0",
        "apollo-server-core": "^3.12.0",
        "apollo-server-types": "^3.8.0"
      }
    },
    "apollo-server-plugin-base": {
      "version": "3.7.2",
      "resolved": "https://registry.npmjs.org/apollo-server-plugin-base/-/apollo-server-plugin-base-3.7.2.tgz",
      "integrity": "sha512-wE8dwGDvBOGehSsPTRZ8P/33Jan6/PmL0y0aN/1Z5a5GcbFhDaaJCjK5cav6npbbGL2DPKK0r6MPXi3k3N45aw==",
      "requires": {
        "apollo-server-types": "^3.8.0"
      }
    },
    "apollo-server-types": {
      "version": "3.8.0",
      "resolved": "https://registry.npmjs.org/apollo-server-types/-/apollo-server-types-3.8.0.tgz",
      "integrity": "sha512-ZI/8rTE4ww8BHktsVpb91Sdq7Cb71rdSkXELSwdSR0eXu600/sY+1UXhTWdiJvk+Eq5ljqoHLwLbY2+Clq2b9A==",
      "requires": {
        "@apollo/utils.keyvaluecache": "^1.0.1",
        "@apollo/utils.logger": "^1.0.0",
        "apollo-reporting-protobuf": "^3.4.0",
        "apollo-server-env": "^4.2.1"
      }
    },
    "archy": {
      "version": "1.0.0",
      "resolved": "https://registry.npmjs.org/archy/-/archy-1.0.0.tgz",
      "integrity": "sha1-+cjBN1fMHde8N5rHeyxipcKGjEA="
    },
    "async-retry": {
      "version": "1.3.3",
      "resolved": "https://registry.npmjs.org/async-retry/-/async-retry-1.3.3.tgz",
      "integrity": "sha512-wfr/jstw9xNi/0teMHrRW7dsz3Lt5ARhYNZ2ewpadnhaIp5mbALhOAP+EAdsC7t4Z6wqsDVv9+W6gm1Dk9mEyw==",
      "requires": {
        "retry": "0.13.1"
      }
    },
    "avvio": {
      "version": "6.2.2",
      "resolved": "https://registry.npmjs.org/avvio/-/avvio-6.2.2.tgz",
      "integrity": "sha512-7+yznbJOMoHQ8Z8VH+1meyRjtxUW8za6gqnHBl8DqlX5qPtaclNIgWrKrTLuIbfn2+1/EGkcr+rQXI8DYVU4RA==",
      "requires": {
        "archy": "^1.0.0",
        "debug": "^4.0.0",
        "fastq": "^1.6.0"
      }
    },
    "commander": {
      "version": "2.20.3",
      "resolved": "https://registry.npmjs.org/commander/-/commander-2.20.3.tgz",
      "integrity": "sha512-GpVkmM8vF2vQUkj2LvZmD35JxeJOLCwJ9cUkugyk2nuhbv3+mJvpLYYt+0+USMxE+oj+ey/lJEnhZw75x/OMcQ=="
    },
    "cssfilter": {
      "version": "0.0.10",
      "resolved": "https://registry.npmjs.org/cssfilter/-/cssfilter-0.0.10.tgz",
      "integrity": "sha512-FAaLDaplstoRsDR8XGYH51znUN0UY7nMc6Z9/fvE8EXGwvJE9hu7W2vHwx1+bd6gCYnln9nLbzxFTrcO9YQDZw=="
    },
    "debug": {
      "version": "4.1.1",
      "resolved": "https://registry.npmjs.org/debug/-/debug-4.1.1.tgz",
      "integrity": "sha512-pYAIzeRo8J6KPEaJ0VWOh5Pzkbw/RetuzehGM7QRRX5he4fPHx2rdKMB256ehJCkX+XRQm16eZLqLNS8RSZXZw==",
      "requires": {
        "ms": "^2.1.1"
      }
    },
    "deepmerge": {
      "version": "4.2.2",
      "resolved": "https://registry.npmjs.org/deepmerge/-/deepmerge-4.2.2.tgz",
      "integrity": "sha512-FJ3UgI4gIl+PHZm53knsuSFpE+nESMr7M4v9QcgB7S63Kj/6WqMiFQJpBBYz1Pt+66bZpP3Q7Lye0Oo9MPKEdg=="
    },
    "depd": {
      "version": "1.1.2",
      "resolved": "https://registry.npmjs.org/depd/-/depd-1.1.2.tgz",
      "integrity": "sha512-7emPTl6Dpo6JRXOXjLRxck+FlLRX5847cLKEn00PLAgc3g2hTZZgr+e4c2v6QpSmLeFP3n5yUo7ft6avBK/5jQ=="
    },
    "fast-decode-uri-component": {
      "version": "1.0.1",
      "resolved": "https://registry.npmjs.org/fast-decode-uri-component/-/fast-decode-uri-component-1.0.1.tgz",
      "integrity": "sha512-WKgKWg5eUxvRZGwW8FvfbaH7AXSh2cL+3j5fMGzUMCxWBJ3dV3a7Wz8y2f/uQ0e3B6WmodD3oS54jTQ9HVTIIg=="
    },
    "fast-json-stable-stringify": {
      "version": "2.0.0",
      "resolved": "https://registry.npmjs.org/fast-json-stable-stringify/-/fast-json-stable-stringify-2.0.0.tgz",
      "integrity": "sha1-1RQsDK7msRifh9OnYREGT4bIu/I="
    },
    "fast-json-stringify": {
      "version": "1.15.6",
      "resolved": "https://registry.npmjs.org/fast-json-stringify/-/fast-json-stringify-1.15.6.tgz",
      "integrity": "sha512-UKypbA85Qc53b8xdcXWI3g7TBnOV34+cYJczHJZv4KQ4mF3H9Mk3547FjX3lvUJO4Wf5kK0IhSO0eUTJKKcmEw==",
      "requires": {
        "ajv": "^6.10.2",
        "deepmerge": "^4.0.0"
      }
    },
    "fast-redact": {
      "version": "2.0.0",
      "resolved": "https://registry.npmjs.org/fast-redact/-/fast-redact-2.0.0.tgz",
      "integrity": "sha512-zxpkULI9W9MNTK2sJ3BpPQrTEXFNESd2X6O1tXMFpK/XM0G5c5Rll2EVYZH2TqI3xRGK/VaJ+eEOt7pnENJpeA=="
    },
    "fast-safe-stringify": {
      "version": "2.0.7",
      "resolved": "https://registry.npmjs.org/fast-safe-stringify/-/fast-safe-stringify-2.0.7.tgz",
      "integrity": "sha512-Utm6CdzT+6xsDk2m8S6uL8VHxNwI6Jub+e9NYTcAms28T84pTa25GJQV9j0CY0N1rM8hK4x6grpF2BQf+2qwVA=="
    },
    "fastfall": {
      "version": "1.5.1",
      "resolved": "https://registry.npmjs.org/fastfall/-/fastfall-1.5.1.tgz",
      "integrity": "sha1-P+4DMxpJ0dObPN96XpzWb0dee5Q=",
      "requires": {
        "reusify": "^1.0.0"
      }
    },
    "fastify": {
      "version": "2.10.0",
      "resolved": "https://registry.npmjs.org/fastify/-/fastify-2.10.0.tgz",
      "integrity": "sha512-ieWwtPZPpcurQlRBmWer6rSq/2WAKAI3yPkh2oBbQ98U5BnWjhcLXYYgBRTS1TDu2evwbXwnRVdLpILVC2O5XA==",
      "requires": {
        "abstract-logging": "^1.0.0",
        "ajv": "^6.10.2",
        "avvio": "^6.2.2",
        "fast-json-stringify": "^1.15.5",
        "find-my-way": "^2.0.0",
        "flatstr": "^1.0.12",
        "light-my-request": "^3.4.1",
        "middie": "^4.0.1",
        "pino": "^5.13.2",
        "proxy-addr": "^2.0.4",
        "readable-stream": "^3.1.1",
        "rfdc": "^1.1.2",
        "secure-json-parse": "^1.0.0",
        "tiny-lru": "^7.0.0"
      }
    },
    "fastify-autoload": {
      "version": "1.0.0",
      "resolved": "https://registry.npmjs.org/fastify-autoload/-/fastify-autoload-1.0.0.tgz",
      "integrity": "sha512-Zj/ncvs/d3I8F57nCaNURPna6diN6anSkzyK2fb8wOQYaHLWYksCPi5uxlX8R613ScWpTevakTkHwbg74Y8cHg==",
      "requires": {
        "steed": "^1.1.3"
      }
    },
    "fastify-plugin": {
      "version": "3.0.1",
      "resolved": "https://registry.npmjs.org/fastify-plugin/-/fastify-plugin-3.0.1.tgz",
      "integrity": "sha512-qKcDXmuZadJqdTm6vlCqioEbyewF60b/0LOFCcYN1B6BIZGlYJumWWOYs70SFYLDAH4YqdE1cxH/RKMG7rFxgA=="
    },
    "fastify-sensible": {
      "version": "3.2.0",
      "resolved": "https://registry.npmjs.org/fastify-sensible/-/fastify-sensible-3.2.0.tgz",
      "integrity": "sha512-Y6hW5fRviGUXf5r5xEuqfnX5Zz1UEam1nGCkFH62r1wgVrfNjY5zNhfgKA23+zO6AcrSW6PQN5vXj9sJ2SBQ2w==",
      "requires": {
        "fastify-sensible-deprecated": "npm:fastify-sensible@3.1.2",
        "process-warning": "^1.0.0"
      },
      "dependencies": {
        "fastify-sensible-deprecated": {
          "version": "npm:fastify-sensible@3.1.2",
          "resolved": "https://registry.npmjs.org/fastify-sensible/-/fastify-sensible-3.1.2.tgz",
          "integrity": "sha512-fS8GeY6db3q38GzWOoZMggrw9yHOoXdHv1Pgnorvv18uDrmh1iL8gP9/cqdWzZRM1J3fYvcHsfV2t4BXQF2+sw==",
          "requires": {
            "fast-deep-equal": "^3.1.1",
            "fastify-plugin": "^3.0.0",
            "forwarded": "^0.2.0",
            "http-errors": "^1.7.3",
            "type-is": "^1.6.18",
            "vary": "^1.1.2"
          },
          "dependencies": {
            "fast-deep-equal": {
              "version": "3.1.3",
              "resolved": "https://registry.npmjs.org/fast-deep-equal/-/fast-deep-equal-3.1.3.tgz",
              "integrity": "sha512-f3qQ9oQy9j2AhBe/H9VC91wLmKBCCU/gDOnKNAYG5hswO7BLKj09Hc5HYNz9cGI++xlpDCIgDaitVs03ATR84Q=="
            },
            "http-errors": {
              "version": "1.8.1",
              "resolved": "https://registry.npmjs.org/http-errors/-/http-errors-1.8.1.tgz",
              "integrity": "sha512-Kpk9Sm7NmI+RHhnj6OIWDI1d6fIoFAtFt9RLaTMRlg/8w49juAStsrBgp0Dp4OdxdVbRIeKhtCUvoi/RuAhO4g==",
              "requires": {
                "depd": "~1.1.2",
                "inherits": "2.0.4",
                "setprototypeof": "1.2.0",
                "statuses": ">= 1.5.0 < 2",
                "toidentifier": "1.0.1"
              }
            },
            "type-is": {
              "version": "1.6.18",
              "resolved": "https://registry.npmjs.org/type-is/-/type-is-1.6.18.tgz",
              "integrity": "sha512-TkRKr9sUTxEH8MdfuCSP7VizJyzRNMjj2J2do2Jr3Kym598JVdEksuzPQCnlFPW4ky9Q+iA+ma9BGm06XQBy8g==",
              "requires": {
                "media-typer": "0.3.0",
                "mime-types": "~2.1.24"
              }
            }
          }
        },
        "forwarded": {
          "version": "0.2.0",
          "resolved": "https://registry.npmjs.org/forwarded/-/forwarded-0.2.0.tgz",
          "integrity": "sha512-buRG0fpBtRHSTCOASe6hD258tEubFoRLb4ZNA6NxMVHNw2gOcwHo9wyablzMzOA5z9xA9L1KNjk/Nt6MT9aYow=="
        }
      }
    },
    "fastparallel": {
      "version": "2.3.0",
      "resolved": "https://registry.npmjs.org/fastparallel/-/fastparallel-2.3.0.tgz",
      "integrity": "sha1-HnCb+2oDmT84V+POfwExHOdgJhM=",
      "requires": {
        "reusify": "^1.0.0",
        "xtend": "^4.0.1"
      }
    },
    "fastq": {
      "version": "1.6.0",
      "resolved": "https://registry.npmjs.org/fastq/-/fastq-1.6.0.tgz",
      "integrity": "sha512-jmxqQ3Z/nXoeyDmWAzF9kH1aGZSis6e/SbfPmJpUnyZ0ogr6iscHQaml4wsEepEWSdtmpy+eVXmCRIMpxaXqOA==",
      "requires": {
        "reusify": "^1.0.0"
      }
    },
    "fastseries": {
      "version": "1.7.2",
      "resolved": "https://registry.npmjs.org/fastseries/-/fastseries-1.7.2.tgz",
      "integrity": "sha1-0izhO5Qz3/M4jZHb1ri9qbIaD0s=",
      "requires": {
        "reusify": "^1.0.0",
        "xtend": "^4.0.0"
      }
    },
    "find-my-way": {
      "version": "2.2.5",
      "resolved": "https://registry.npmjs.org/find-my-way/-/find-my-way-2.2.5.tgz",
      "integrity": "sha512-GjRZZlGcGmTh9t+6Xrj5K0YprpoAFCAiCPgmAH9Kb09O4oX6hYuckDfnDipYj+Q7B1GtYWSzDI5HEecNYscLQg==",
      "requires": {
        "fast-decode-uri-component": "^1.0.0",
        "safe-regex2": "^2.0.0",
        "semver-store": "^0.3.0"
      }
    },
    "flatstr": {
      "version": "1.0.12",
      "resolved": "https://registry.npmjs.org/flatstr/-/flatstr-1.0.12.tgz",
      "integrity": "sha512-4zPxDyhCyiN2wIAtSLI6gc82/EjqZc1onI4Mz/l0pWrAlsSfYH/2ZIcU+e3oA2wDwbzIWNKwa23F8rh6+DRWkw=="
    },
    "forwarded": {
      "version": "0.1.2",
      "resolved": "https://registry.npmjs.org/forwarded/-/forwarded-0.1.2.tgz",
      "integrity": "sha1-mMI9qxF1ZXuMBXPozszZGw/xjIQ="
    },
    "graphql-tag": {
      "version": "2.12.6",
      "resolved": "https://registry.npmjs.org/graphql-tag/-/graphql-tag-2.12.6.tgz",
      "integrity": "sha512-FdSNcu2QQcWnM2VNvSCCDCVS5PpPqpzgFT8+GXzqJuoDd0CBncxCY278u4mhRO7tMgo2JjgJA5aZ+nWSQ/Z+xg==",
      "requires": {
        "tslib": "^2.1.0"
      }
    },
    "inherits": {
      "version": "2.0.4",
      "resolved": "https://registry.npmjs.org/inherits/-/inherits-2.0.4.tgz",
      "integrity": "sha512-k/vGaX4/Yla3WzyMCvTQOXYeIHvqOKtnqBduzTHpzpQZzAskKMhZ2K+EnBiSM9zGSoIFeMpXKxa4dYeZIQqewQ=="
    },
    "ipaddr.js": {
      "version": "1.9.0",
      "resolved": "https://registry.npmjs.org/ipaddr.js/-/ipaddr.js-1.9.0.tgz",
      "integrity": "sha512-M4Sjn6N/+O6/IXSJseKqHoFc+5FdGJ22sXqnjTpdZweHK64MzEPAyQZyEU3R/KRv2GLoa7nNtg/C2Ev6m7z+eA=="
    },
    "json-schema-traverse": {
      "version": "0.4.1",
      "resolved": "https://registry.npmjs.org/json-schema-traverse/-/json-schema-traverse-0.4.1.tgz",
      "integrity": "sha512-xbbCH5dCYU5T8LcEhhuh7HJ88HXuW3qsI3Y0zOZFKfZEHcpWiHU/Jxzk629Brsab/mMiHQti9wMP+845RPe3Vg=="
    },
    "light-my-request": {
      "version": "3.6.2",
      "resolved": "https://registry.npmjs.org/light-my-request/-/light-my-request-3.6.2.tgz",
      "integrity": "sha512-xg51G/FOoajQqmVbrH8WmocL3gjznIf79rMcCiaxT+lypwaXTvWyCZY2YkOwesqkS3mDlApgnHzVcqvIsc7YOQ==",
      "requires": {
        "ajv": "^6.10.2",
        "readable-stream": "^3.4.0"
      }
    },
    "lodash.sortby": {
      "version": "4.7.0",
      "resolved": "https://registry.npmjs.org/lodash.sortby/-/lodash.sortby-4.7.0.tgz",
      "integrity": "sha512-HDWXG8isMntAyRF5vZ7xKuEvOhT4AhlRt/3czTSjvGUxjYCBVRQY48ViDHyfYz9VIoBkW4TMGQNapx+l3RUwdA=="
    },
    "loglevel": {
      "version": "1.8.1",
      "resolved": "https://registry.npmjs.org/loglevel/-/loglevel-1.8.1.tgz",
      "integrity": "sha512-tCRIJM51SHjAayKwC+QAg8hT8vg6z7GSgLJKGvzuPb1Wc+hLzqtuVLxp6/HzSPOozuK+8ErAhy7U/sVzw8Dgfg=="
    },
    "long": {
      "version": "4.0.0",
      "resolved": "https://registry.npmjs.org/long/-/long-4.0.0.tgz",
      "integrity": "sha512-XsP+KhQif4bjX1kbuSiySJFNAehNxgLb6hPRGJ9QsUr8ajHkuXGdrHmFUTUUXhDwVX2R5bY4JNZEwbUiMhV+MA=="
    },
    "lru-cache": {
      "version": "6.0.0",
      "resolved": "https://registry.npmjs.org/lru-cache/-/lru-cache-6.0.0.tgz",
      "integrity": "sha512-Jo6dJ04CmSjuznwJSS3pUeWmd/H0ffTlkXXgwZi+eq1UCmqQwCh+eLsYOYCwY991i2Fah4h1BEMCx4qThGbsiA==",
      "requires": {
        "yallist": "^4.0.0"
      }
    },
    "media-typer": {
      "version": "0.3.0",
      "resolved": "https://registry.npmjs.org/media-typer/-/media-typer-0.3.0.tgz",
      "integrity": "sha512-dq+qelQ9akHpcOl/gUVRTxVIOkAJ1wR3QAvb4RsVjS8oVoFjDGTc679wJYmUmknUF5HwMLOgb5O+a3KxfWapPQ=="
    },
    "middie": {
      "version": "4.1.0",
      "resolved": "https://registry.npmjs.org/middie/-/middie-4.1.0.tgz",
      "integrity": "sha512-eylPpZA+K3xO9kpDjagoPkEUkNcWV3EAo5OEz0MqsekUpT7KbnQkk8HNZkh4phx2vvOAmNNZuLRWF9lDDHPpVQ==",
      "requires": {
        "path-to-regexp": "^4.0.0",
        "reusify": "^1.0.2"
      }
    },
    "mime-db": {
      "version": "1.52.0",
      "resolved": "https://registry.npmjs.org/mime-db/-/mime-db-1.52.0.tgz",
      "integrity": "sha512-sPU4uV7dYlvtWJxwwxHD0PuihVNiE7TyAbQ5SWxDCB9mUYvOgroQOwYQQOKPJ8CIbE+1ETVlOoK1UC2nU3gYvg=="
    },
    "mime-types": {
      "version": "2.1.35",
      "resolved": "https://registry.npmjs.org/mime-types/-/mime-types-2.1.35.tgz",
      "integrity": "sha512-ZDY+bPm5zTTF+YpCrAU9nK0UgICYPT0QtT1NZWFv4s++TNkcgVaT0g6+4R2uI4MjQjzysHB1zxuWL50hzaeXiw==",
      "requires": {
        "mime-db": "1.52.0"
      }
    },
    "ms": {
      "version": "2.1.2",
      "resolved": "https://registry.npmjs.org/ms/-/ms-2.1.2.tgz",
      "integrity": "sha512-sGkPx+VjMtmA6MX27oA4FBFELFCZZ4S4XqeGOXCv68tT+jb3vk/RyaKWP0PTKyWtmLSM0b+adUTEvbs1PEaH2w=="
    },
    "negotiator": {
      "version": "0.6.3",
      "resolved": "https://registry.npmjs.org/negotiator/-/negotiator-0.6.3.tgz",
      "integrity": "sha512-+EUsqGPLsM+j/zdChZjsnX51g4XrHFOIXwfnCVPGlQk/k5giakcKsuxCObBRu6DSm9opw/O6slWbJdghQM4bBg=="
    },
    "node-abort-controller": {
      "version": "3.1.1",
      "resolved": "https://registry.npmjs.org/node-abort-controller/-/node-abort-controller-3.1.1.tgz",
      "integrity": "sha512-AGK2yQKIjRuqnc6VkX2Xj5d+QW8xZ87pa1UK6yA6ouUyuxfHuMP6umE5QK7UmTeOAymo+Zx1Fxiuw9rVx8taHQ=="
    },
    "node-fetch": {
      "version": "2.6.11",
      "resolved": "https://registry.npmjs.org/node-fetch/-/node-fetch-2.6.11.tgz",
      "integrity": "sha512-4I6pdBY1EthSqDmJkiNk3JIT8cswwR9nfeW/cPdUagJYEQG7R95WRH74wpz7ma8Gh/9dI9FP+OU+0E4FvtA55w==",
      "requires": {
        "whatwg-url": "^5.0.0"
      }
    },
    "path-to-regexp": {
      "version": "4.0.5",
      "resolved": "https://registry.npmjs.org/path-to-regexp/-/path-to-regexp-4.0.5.tgz",
      "integrity": "sha512-l+fTaGG2N9ZRpCEUj5fG1VKdDLaiqwCIvPngpnxzREhcdobhZC4ou4w984HBu72DqAJ5CfcdV6tjqNOunfpdsQ=="
    },
    "pino": {
      "version": "5.14.0",
      "resolved": "https://registry.npmjs.org/pino/-/pino-5.14.0.tgz",
      "integrity": "sha512-Vj1f2wAojTGesogT0hsA/ua8ALltCOBCcA1nkEoDfnTsVWpgBu5UVSY7OdjiGmrMOKHBm24nd3nKXzyPUYJ3ig==",
      "requires": {
        "fast-redact": "^2.0.0",
        "fast-safe-stringify": "^2.0.7",
        "flatstr": "^1.0.12",
        "pino-std-serializers": "^2.4.2",
        "quick-format-unescaped": "^3.0.3",
        "sonic-boom": "^0.7.5"
      }
    },
    "pino-std-serializers": {
      "version": "2.4.2",
      "resolved": "https://registry.npmjs.org/pino-std-serializers/-/pino-std-serializers-2.4.2.tgz",
      "integrity": "sha512-WaL504dO8eGs+vrK+j4BuQQq6GLKeCCcHaMB2ItygzVURcL1CycwNEUHTD/lHFHs/NL5qAz2UKrjYWXKSf4aMQ=="
    },
    "process-warning": {
      "version": "1.0.0",
      "resolved": "https://registry.npmjs.org/process-warning/-/process-warning-1.0.0.tgz",
      "integrity": "sha512-du4wfLyj4yCZq1VupnVSZmRsPJsNuxoDQFdCFHLaYiEbFBD7QE0a+I4D7hOxrVnh78QE/YipFAj9lXHiXocV+Q=="
    },
    "proxy-addr": {
      "version": "2.0.5",
      "resolved": "https://registry.npmjs.org/proxy-addr/-/proxy-addr-2.0.5.tgz",
      "integrity": "sha512-t/7RxHXPH6cJtP0pRG6smSr9QJidhB+3kXu0KgXnbGYMgzEnUxRQ4/LDdfOwZEMyIh3/xHb8PX3t+lfL9z+YVQ==",
      "requires": {
        "forwarded": "~0.1.2",
        "ipaddr.js": "1.9.0"
      }
    },
    "punycode": {
      "version": "2.1.1",
      "resolved": "https://registry.npmjs.org/punycode/-/punycode-2.1.1.tgz",
      "integrity": "sha512-XRsRjdf+j5ml+y/6GKHPZbrF/8p2Yga0JPtdqTIY2Xe5ohJPD9saDJJLPvp9+NSBprVvevdXZybnj2cv8OEd0A=="
    },
    "quick-format-unescaped": {
      "version": "3.0.3",
      "resolved": "https://registry.npmjs.org/quick-format-unescaped/-/quick-format-unescaped-3.0.3.tgz",
      "integrity": "sha512-dy1yjycmn9blucmJLXOfZDx1ikZJUi6E8bBZLnhPG5gBrVhHXx2xVyqqgKBubVNEXmx51dBACMHpoMQK/N/AXQ=="
    },
    "readable-stream": {
      "version": "3.4.0",
      "resolved": "https://registry.npmjs.org/readable-stream/-/readable-stream-3.4.0.tgz",
      "integrity": "sha512-jItXPLmrSR8jmTRmRWJXCnGJsfy85mB3Wd/uINMXA65yrnFo0cPClFIUWzo2najVNSl+mx7/4W8ttlLWJe99pQ==",
      "requires": {
        "inherits": "^2.0.3",
        "string_decoder": "^1.1.1",
        "util-deprecate": "^1.0.1"
      }
    },
    "ret": {
      "version": "0.2.2",
      "resolved": "https://registry.npmjs.org/ret/-/ret-0.2.2.tgz",
      "integrity": "sha512-M0b3YWQs7R3Z917WRQy1HHA7Ba7D8hvZg6UE5mLykJxQVE2ju0IXbGlaHPPlkY+WN7wFP+wUMXmBFA0aV6vYGQ=="
    },
    "retry": {
      "version": "0.13.1",
      "resolved": "https://registry.npmjs.org/retry/-/retry-0.13.1.tgz",
      "integrity": "sha512-XQBQ3I8W1Cge0Seh+6gjj03LbmRFWuoszgK9ooCpwYIrhhoO80pfq4cUkU5DkknwfOfFteRwlZ56PYOGYyFWdg=="
    },
    "reusify": {
      "version": "1.0.4",
      "resolved": "https://registry.npmjs.org/reusify/-/reusify-1.0.4.tgz",
      "integrity": "sha512-U9nH88a3fc/ekCF1l0/UP1IosiuIjyTh7hBvXVMHYgVcfGvt897Xguj2UOLDeI5BG2m7/uwyaLVT6fbtCwTyzw=="
    },
    "rfdc": {
      "version": "1.1.4",
      "resolved": "https://registry.npmjs.org/rfdc/-/rfdc-1.1.4.tgz",
      "integrity": "sha512-5C9HXdzK8EAqN7JDif30jqsBzavB7wLpaubisuQIGHWf2gUXSpzy6ArX/+Da8RjFpagWsCn+pIgxTMAmKw9Zug=="
    },
    "safe-buffer": {
      "version": "5.2.0",
      "resolved": "https://registry.npmjs.org/safe-buffer/-/safe-buffer-5.2.0.tgz",
      "integrity": "sha512-fZEwUGbVl7kouZs1jCdMLdt95hdIv0ZeHg6L7qPeciMZhZ+/gdesW4wgTARkrFWEpspjEATAzUGPG8N2jJiwbg=="
    },
    "safe-regex2": {
      "version": "2.0.0",
      "resolved": "https://registry.npmjs.org/safe-regex2/-/safe-regex2-2.0.0.tgz",
      "integrity": "sha512-PaUSFsUaNNuKwkBijoAPHAK6/eM6VirvyPWlZ7BAQy4D+hCvh4B6lIG+nPdhbFfIbP+gTGBcrdsOaUs0F+ZBOQ==",
      "requires": {
        "ret": "~0.2.0"
      }
    },
    "secure-json-parse": {
      "version": "1.0.0",
      "resolved": "https://registry.npmjs.org/secure-json-parse/-/secure-json-parse-1.0.0.tgz",
      "integrity": "sha512-kMg4jXttRQzVyLebIDc+MRxCueJ/zsmHpCn59BRd0mZUCd+V02wNd7/Pds8Nyhv7jfLHo1KkUOzdIF7cRMU4LQ=="
    },
    "semver-store": {
      "version": "0.3.0",
      "resolved": "https://registry.npmjs.org/semver-store/-/semver-store-0.3.0.tgz",
      "integrity": "sha512-TcZvGMMy9vodEFSse30lWinkj+JgOBvPn8wRItpQRSayhc+4ssDs335uklkfvQQJgL/WvmHLVj4Ycv2s7QCQMg=="
    },
    "setprototypeof": {
      "version": "1.2.0",
      "resolved": "https://registry.npmjs.org/setprototypeof/-/setprototypeof-1.2.0.tgz",
      "integrity": "sha512-E5LDX7Wrp85Kil5bhZv46j8jOeboKq5JMmYM3gVGdGH8xFpPWXUMsNrlODCrkoxMEeNi/XZIwuRvY4XNwYMJpw=="
    },
    "sha.js": {
      "version": "2.4.11",
      "resolved": "https://registry.npmjs.org/sha.js/-/sha.js-2.4.11.tgz",
      "integrity": "sha512-QMEp5B7cftE7APOjk5Y6xgrbWu+WkLVQwk8JNjZ8nKRciZaByEW6MubieAiToS7+dwvrjGhH8jRXz3MVd0AYqQ==",
      "requires": {
        "inherits": "^2.0.1",
        "safe-buffer": "^5.0.1"
      }
    },
    "sonic-boom": {
      "version": "0.7.6",
      "resolved": "https://registry.npmjs.org/sonic-boom/-/sonic-boom-0.7.6.tgz",
      "integrity": "sha512-k9E2QQ4zxuVRLDW+ZW6ISzJs3wlEorVdmM7ApDgor7wsGKSDG5YGHsGmgLY4XYh4DMlr/2ap2BWAE7yTFJtWnQ==",
      "requires": {
        "flatstr": "^1.0.12"
      }
    },
    "statuses": {
      "version": "1.5.0",
      "resolved": "https://registry.npmjs.org/statuses/-/statuses-1.5.0.tgz",
      "integrity": "sha512-OpZ3zP+jT1PI7I8nemJX4AKmAX070ZkYPVWV/AaKTJl+tXCTGyVdC1a4SL8RUQYEwk/f34ZX8UTykN68FwrqAA=="
    },
    "steed": {
      "version": "1.1.3",
      "resolved": "https://registry.npmjs.org/steed/-/steed-1.1.3.tgz",
      "integrity": "sha1-8VJd1a2xLrIb90dJU3Zo1iW5q8U=",
      "requires": {
        "fastfall": "^1.5.0",
        "fastparallel": "^2.2.0",
        "fastq": "^1.3.0",
        "fastseries": "^1.7.0",
        "reusify": "^1.0.0"
      }
    },
    "string_decoder": {
      "version": "1.3.0",
      "resolved": "https://registry.npmjs.org/string_decoder/-/string_decoder-1.3.0.tgz",
      "integrity": "sha512-hkRX8U1WjJFd8LsDJ2yQ/wWWxaopEsABU1XfkM8A+j0+85JAGppt16cr1Whg6KIbb4okU6Mql6BOj+uup/wKeA==",
      "requires": {
        "safe-buffer": "~5.2.0"
      }
    },
    "tiny-lru": {
      "version": "7.0.2",
      "resolved": "https://registry.npmjs.org/tiny-lru/-/tiny-lru-7.0.2.tgz",
      "integrity": "sha512-cmc9OOwmnAJtyFBYaznKR3abypEhWecarFrvS5db6qwSgoaDUWV0JX+mdh6B9wN60Wux3+gE1vjzxkoqxFBjqw=="
    },
    "toidentifier": {
      "version": "1.0.1",
      "resolved": "https://registry.npmjs.org/toidentifier/-/toidentifier-1.0.1.tgz",
      "integrity": "sha512-o5sSPKEkg/DIQNmH43V0/uerLrpzVedkUh8tGNvaeXpfpuwjKenlSox/2O/BTlZUtEe+JG7s5YhEz608PlAHRA=="
    },
    "tr46": {
      "version": "0.0.3",
      "resolved": "https://registry.npmjs.org/tr46/-/tr46-0.0.3.tgz",
      "integrity": "sha512-N3WMsuqV66lT30CrXNbEjx4GEwlow3v6rr4mCcv6prnfwhS01rkgyFdjPNBYd9br7LpXV1+Emh01fHnq2Gdgrw=="
    },
    "tslib": {
      "version": "2.5.3",
      "resolved": "https://registry.npmjs.org/tslib/-/tslib-2.5.3.tgz",
      "integrity": "sha512-mSxlJJwl3BMEQCUNnxXBU9jP4JBktcEGhURcPR6VQVlnP0FdDEsIaz0C35dXNGLyRfrATNofF0F5p2KPxQgB+w=="
    },
    "uri-js": {
      "version": "4.2.2",
      "resolved": "https://registry.npmjs.org/uri-js/-/uri-js-4.2.2.tgz",
      "integrity": "sha512-KY9Frmirql91X2Qgjry0Wd4Y+YTdrdZheS8TFwvkbLWf/G5KNJDCh6pKL5OZctEW4+0Baa5idK2ZQuELRwPznQ==",
      "requires": {
        "punycode": "^2.1.0"
      }
    },
    "util-deprecate": {
      "version": "1.0.2",
      "resolved": "https://registry.npmjs.org/util-deprecate/-/util-deprecate-1.0.2.tgz",
      "integrity": "sha1-RQ1Nyfpw3nMnYvvS1KKJgUGaDM8="
    },
    "uuid": {
      "version": "9.0.0",
      "resolved": "https://registry.npmjs.org/uuid/-/uuid-9.0.0.tgz",
      "integrity": "sha512-MXcSTerfPa4uqyzStbRoTgt5XIe3x5+42+q1sDuy3R5MDk66URdLMOZe5aPX/SQd+kuYAh0FdP/pO28IkQyTeg=="
    },
    "value-or-promise": {
      "version": "1.0.12",
      "resolved": "https://registry.npmjs.org/value-or-promise/-/value-or-promise-1.0.12.tgz",
      "integrity": "sha512-Z6Uz+TYwEqE7ZN50gwn+1LCVo9ZVrpxRPOhOLnncYkY1ZzOYtrX8Fwf/rFktZ8R5mJms6EZf5TqNOMeZmnPq9Q=="
    },
    "vary": {
      "version": "1.1.2",
      "resolved": "https://registry.npmjs.org/vary/-/vary-1.1.2.tgz",
      "integrity": "sha512-BNGbWLfd0eUPabhkXUVm0j8uuvREyTh5ovRa/dyow/BqAbZJyC+5fU+IzQOzmAKzYqYRAISoRhdQr3eIZ/PXqg=="
    },
    "webidl-conversions": {
      "version": "3.0.1",
      "resolved": "https://registry.npmjs.org/webidl-conversions/-/webidl-conversions-3.0.1.tgz",
      "integrity": "sha512-2JAn3z8AR6rjK8Sm8orRC0h/bcl/DqL7tRPdGZ4I1CjdF+EaMLmYxBHyXuKL849eucPFhvBoxMsflfOb8kxaeQ=="
    },
    "whatwg-mimetype": {
      "version": "3.0.0",
      "resolved": "https://registry.npmjs.org/whatwg-mimetype/-/whatwg-mimetype-3.0.0.tgz",
      "integrity": "sha512-nt+N2dzIutVRxARx1nghPKGv1xHikU7HKdfafKkLNLindmPU/ch3U31NOCGGA/dmPcmb1VlofO0vnKAcsm0o/Q=="
    },
    "whatwg-url": {
      "version": "5.0.0",
      "resolved": "https://registry.npmjs.org/whatwg-url/-/whatwg-url-5.0.0.tgz",
      "integrity": "sha512-saE57nupxk6v3HY35+jzBwYa0rKSy0XR8JSxZPwgLr7ys0IBzhGviA1/TUGJLmSVqs8pb9AnvICXEuOHLprYTw==",
      "requires": {
        "tr46": "~0.0.3",
        "webidl-conversions": "^3.0.0"
      }
    },
    "xss": {
      "version": "1.0.14",
      "resolved": "https://registry.npmjs.org/xss/-/xss-1.0.14.tgz",
      "integrity": "sha512-og7TEJhXvn1a7kzZGQ7ETjdQVS2UfZyTlsEdDOqvQF7GoxNfY+0YLCzBy1kPdsDDx4QuNAonQPddpsn6Xl/7sw==",
      "requires": {
        "commander": "^2.20.3",
        "cssfilter": "0.0.10"
      }
    },
    "xtend": {
      "version": "4.0.2",
      "resolved": "https://registry.npmjs.org/xtend/-/xtend-4.0.2.tgz",
      "integrity": "sha512-LKYU1iAXJXUgAXn9URjiu+MWhyUXHsvfp7mcuYm9dSUKK0/CjtrUwFAxD82/mCWbtLsGjFIad0wIsod4zrTAEQ=="
    },
    "yallist": {
      "version": "4.0.0",
      "resolved": "https://registry.npmjs.org/yallist/-/yallist-4.0.0.tgz",
      "integrity": "sha512-3wdGidZyq5PB084XLES5TpOSRA3wjXAlIWMhum2kRcv/41Sn2emQ0dycQW4uZXLejwKvg6EsvbdlVL+FYEct7A=="
    }
  }
}
